{
  "name": "xyz",
  "version": "1.0.0",
  "lockfileVersion": 1,
  "requires": true,
  "dependencies": {
    "de-indent": {
      "version": "1.0.2",
      "resolved": "https://repo.3dker.cn/repository/npm/de-indent/-/de-indent-1.0.2.tgz",
      "integrity": "sha1-sgOOhG3DO6pXlhKNCAS0VbjB4h0=",
      "dev": true
    },
    "echarts": {
      "version": "4.1.0",
      "resolved": "https://repo.3dker.cn/repository/npm/echarts/-/echarts-4.1.0.tgz",
      "integrity": "sha1-1YjJX3PBqZKLnHPVt2l1HDGFvNw=",
      "requires": {
        "zrender": "4.0.4"
      }
    },
    "he": {
      "version": "1.2.0",
      "resolved": "https://repo.3dker.cn/repository/npm/he/-/he-1.2.0.tgz",
      "integrity": "sha1-hK5l+n6vsWX922FWauFLrwVmTw8=",
      "dev": true
    },
    "vue-calendar-component": {
      "version": "2.8.2",
      "resolved": "https://repo.3dker.cn/repository/npm/vue-calendar-component/-/vue-calendar-component-2.8.2.tgz",
      "integrity": "sha1-j2DAWnLIqsvdIkAW9OGpZmSr2Ko="
    },
    "vue-template-compiler": {
      "version": "2.6.10",
      "resolved": "https://repo.3dker.cn/repository/npm/vue-template-compiler/-/vue-template-compiler-2.6.10.tgz",
      "integrity": "sha1-MjtPNJXwT6o1AzN6gvXWUHeZycw=",
      "dev": true,
      "requires": {
        "de-indent": "1.0.2",
        "he": "1.2.0"
      }
    },
    "zrender": {
      "version": "4.0.4",
      "resolved": "https://repo.3dker.cn/repository/npm/zrender/-/zrender-4.0.4.tgz",
      "integrity": "sha1-kQ5g2IjwDJWZBz8jdY3SM0X+SP0="
    }
  }
}
